
Microsoft Visual Studio Solution File, Format Version 12.00
# Visual Studio Version 16
VisualStudioVersion = 16.0.31112.23
MinimumVisualStudioVersion = 10.0.40219.1
Project("{FAE04EC0-301F-11D3-BF4B-00C04F79EFBC}") = "E Learning System", "E Learning System.csproj", "{4EAE2986-5E11-4DEB-8B34-A5F99B7625A0}"
EndProject
Global
	GlobalSection(SolutionConfigurationPlatforms) = preSolution
		Debug|Any CPU = Debug|Any CPU
		Release|Any CPU = Release|Any CPU
	EndGlobalSection
	GlobalSection(ProjectConfigurationPlatforms) = postSolution
		{4EAE2986-5E11-4DEB-8B34-A5F99B7625A0}.Debug|Any CPU.ActiveCfg = Debug|Any CPU
		{4EAE2986-5E11-4DEB-8B34-A5F99B7625A0}.Debug|Any CPU.Build.0 = Debug|Any CPU
		{4EAE2986-5E11-4DEB-8B34-A5F99B7625A0}.Release|Any CPU.ActiveCfg = Release|Any CPU
		{4EAE2986-5E11-4DEB-8B34-A5F99B7625A0}.Release|Any CPU.Build.0 = Release|Any CPU
	EndGlobalSection
	GlobalSection(SolutionProperties) = preSolution
		HideSolutionNode = FALSE
	EndGlobalSection
	GlobalSection(ExtensibilityGlobals) = postSolution
		SolutionGuid = {D77FE13D-42F9-4A9A-B9E4-598B8CC97D10}
	EndGlobalSection
EndGlobal
